// !$*UTF8*$!
{
	archiveVersion = 1;
	classes = {
	};
	objectVersion = 56;
	objects = {

/* Begin PBXBuildFile section */
		76269DDF2B5F664A00CAAB3E /* nbpApp.swift in Sources */ = {isa = PBXBuildFile; fileRef = 76269DDE2B5F664A00CAAB3E /* nbpApp.swift */; };
		76269DE12B5F664A00CAAB3E /* ContentView.swift in Sources */ = {isa = PBXBuildFile; fileRef = 76269DE02B5F664A00CAAB3E /* ContentView.swift */; };
		76269DE32B5F664C00CAAB3E /* Assets.xcassets in Resources */ = {isa = PBXBuildFile; fileRef = 76269DE22B5F664C00CAAB3E /* Assets.xcassets */; };
		76269DE62B5F664C00CAAB3E /* Preview Assets.xcassets in Resources */ = {isa = PBXBuildFile; fileRef = 76269DE52B5F664C00CAAB3E /* Preview Assets.xcassets */; };
		76269DEF2B5F68CB00CAAB3E /* SignInView.swift in Sources */ = {isa = PBXBuildFile; fileRef = 76269DEE2B5F68CB00CAAB3E /* SignInView.swift */; };
		76269DF12B5F68DC00CAAB3E /* SignUpView.swift in Sources */ = {isa = PBXBuildFile; fileRef = 76269DF02B5F68DC00CAAB3E /* SignUpView.swift */; };
		76269DF32B5F691400CAAB3E /* DashBoardView.swift in Sources */ = {isa = PBXBuildFile; fileRef = 76269DF22B5F691400CAAB3E /* DashBoardView.swift */; };
		76269DF72B60A50800CAAB3E /* ADInput.swift in Sources */ = {isa = PBXBuildFile; fileRef = 76269DF62B60A50800CAAB3E /* ADInput.swift */; };
/* End PBXBuildFile section */

/* Begin PBXFileReference section */
		76269DDB2B5F664A00CAAB3E /* nbp.app */ = {isa = PBXFileReference; explicitFileType = wrapper.application; includeInIndex = 0; path = nbp.app; sourceTree = BUILT_PRODUCTS_DIR; };
		76269DDE2B5F664A00CAAB3E /* nbpApp.swift */ = {isa = PBXFileReference; lastKnownFileType = sourcecode.swift; path = nbpApp.swift; sourceTree = "<group>"; };
		76269DE02B5F664A00CAAB3E /* ContentView.swift */ = {isa = PBXFileReference; lastKnownFileType = sourcecode.swift; path = ContentView.swift; sourceTree = "<group>"; };
		76269DE22B5F664C00CAAB3E /* Assets.xcassets */ = {isa = PBXFileReference; lastKnownFileType = folder.assetcatalog; path = Assets.xcassets; sourceTree = "<group>"; };
		76269DE52B5F664C00CAAB3E /* Preview Assets.xcassets */ = {isa = PBXFileReference; lastKnownFileType = folder.assetcatalog; path = "Preview Assets.xcassets"; sourceTree = "<group>"; };
		76269DEE2B5F68CB00CAAB3E /* SignInView.swift */ = {isa = PBXFileReference; lastKnownFileType = sourcecode.swift; path = SignInView.swift; sourceTree = "<group>"; };
		76269DF02B5F68DC00CAAB3E /* SignUpView.swift */ = {isa = PBXFileReference; lastKnownFileType = sourcecode.swift; path = SignUpView.swift; sourceTree = "<group>"; };
		76269DF22B5F691400CAAB3E /* DashBoardView.swift */ = {isa = PBXFileReference; lastKnownFileType = sourcecode.swift; path = DashBoardView.swift; sourceTree = "<group>"; };
		76269DF62B60A50800CAAB3E /* ADInput.swift */ = {isa = PBXFileReference; lastKnownFileType = sourcecode.swift; path = ADInput.swift; sourceTree = "<group>"; };
/* End PBXFileReference section */

/* Begin PBXFrameworksBuildPhase section */
		76269DD82B5F664A00CAAB3E /* Frameworks */ = {
			isa = PBXFrameworksBuildPhase;
			buildActionMask = 2147483647;
			files = (
			);
			runOnlyForDeploymentPostprocessing = 0;
		};
/* End PBXFrameworksBuildPhase section */

/* Begin PBXGroup section */
		76269DD22B5F664900CAAB3E = {
			isa = PBXGroup;
			children = (
				76269DDD2B5F664A00CAAB3E /* nbp */,
				76269DDC2B5F664A00CAAB3E /* Products */,
			);
			sourceTree = "<group>";
		};
		76269DDC2B5F664A00CAAB3E /* Products */ = {
			isa = PBXGroup;
			children = (
				76269DDB2B5F664A00CAAB3E /* nbp.app */,
			);
			name = Products;
			sourceTree = "<group>";
		};
		76269DDD2B5F664A00CAAB3E /* nbp */ = {
			isa = PBXGroup;
			children = (
				76269DDE2B5F664A00CAAB3E /* nbpApp.swift */,
				76269DE22B5F664C00CAAB3E /* Assets.xcassets */,
				76269DE42B5F664C00CAAB3E /* Preview Content */,
				76269DEC2B5F687500CAAB3E /* Views */,
			);
			path = nbp;
			sourceTree = "<group>";
		};
		76269DE42B5F664C00CAAB3E /* Preview Content */ = {
			isa = PBXGroup;
			children = (
				76269DE52B5F664C00CAAB3E /* Preview Assets.xcassets */,
			);
			path = "Preview Content";
			sourceTree = "<group>";
		};
		76269DEC2B5F687500CAAB3E /* Views */ = {
			isa = PBXGroup;
			children = (
				76269DF52B60A1E400CAAB3E /* Components */,
				76269DE02B5F664A00CAAB3E /* ContentView.swift */,
				76269DED2B5F688D00CAAB3E /* Authentications */,
				76269DF22B5F691400CAAB3E /* DashBoardView.swift */,
			);
			path = Views;
			sourceTree = "<group>";
		};
		76269DED2B5F688D00CAAB3E /* Authentications */ = {
			isa = PBXGroup;
			children = (
				76269DEE2B5F68CB00CAAB3E /* SignInView.swift */,
				76269DF02B5F68DC00CAAB3E /* SignUpView.swift */,
			);
			path = Authentications;
			sourceTree = "<group>";
		};
		76269DF52B60A1E400CAAB3E /* Components */ = {
			isa = PBXGroup;
			children = (
				76269DF62B60A50800CAAB3E /* ADInput.swift */,
			);
			path = Components;
			sourceTree = "<group>";
		};
/* End PBXGroup section */

/* Begin PBXNativeTarget section */
		76269DDA2B5F664A00CAAB3E /* nbp */ = {
			isa = PBXNativeTarget;
			buildConfigurationList = 76269DE92B5F664C00CAAB3E /* Build configuration list for PBXNativeTarget "nbp" */;
			buildPhases = (
				76269DD72B5F664A00CAAB3E /* Sources */,
				76269DD82B5F664A00CAAB3E /* Frameworks */,
				76269DD92B5F664A00CAAB3E /* Resources */,
			);
			buildRules = (
			);
			dependencies = (
			);
			name = nbp;
			productName = nbp;
			productReference = 76269DDB2B5F664A00CAAB3E /* nbp.app */;
			productType = "com.apple.product-type.application";
		};
/* End PBXNativeTarget section */

/* Begin PBXProject section */
		76269DD32B5F664900CAAB3E /* Project object */ = {
			isa = PBXProject;
			attributes = {
				BuildIndependentTargetsInParallel = 1;
				LastSwiftUpdateCheck = 1520;
				LastUpgradeCheck = 1520;
				TargetAttributes = {
					76269DDA2B5F664A00CAAB3E = {
						CreatedOnToolsVersion = 15.2;
					};
				};
			};
			buildConfigurationList = 76269DD62B5F664900CAAB3E /* Build configuration list for PBXProject "nbp" */;
			compatibilityVersion = "Xcode 14.0";
			developmentRegion = en;
			hasScannedForEncodings = 0;
			knownRegions = (
				en,
				Base,
			);
			mainGroup = 76269DD22B5F664900CAAB3E;
			productRefGroup = 76269DDC2B5F664A00CAAB3E /* Products */;
			projectDirPath = "";
			projectRoot = "";
			targets = (
				76269DDA2B5F664A00CAAB3E /* nbp */,
			);
		};
/* End PBXProject section */

/* Begin PBXResourcesBuildPhase section */
		76269DD92B5F664A00CAAB3E /* Resources */ = {
			isa = PBXResourcesBuildPhase;
			buildActionMask = 2147483647;
			files = (
				76269DE62B5F664C00CAAB3E /* Preview Assets.xcassets in Resources */,
				76269DE32B5F664C00CAAB3E /* Assets.xcassets in Resources */,
			);
			runOnlyForDeploymentPostprocessing = 0;
		};
/* End PBXResourcesBuildPhase section */

/* Begin PBXSourcesBuildPhase section */
		76269DD72B5F664A00CAAB3E /* Sources */ = {
			isa = PBXSourcesBuildPhase;
			buildActionMask = 2147483647;
			files = (
				76269DF12B5F68DC00CAAB3E /* SignUpView.swift in Sources */,
				76269DF32B5F691400CAAB3E /* DashBoardView.swift in Sources */,
				76269DEF2B5F68CB00CAAB3E /* SignInView.swift in Sources */,
				76269DF72B60A50800CAAB3E /* ADInput.swift in Sources */,
				76269DE12B5F664A00CAAB3E /* ContentView.swift in Sources */,
				76269DDF2B5F664A00CAAB3E /* nbpApp.swift in Sources */,
			);
			runOnlyForDeploymentPostprocessing = 0;
		};
/* End PBXSourcesBuildPhase section */

/* Begin XCBuildConfiguration section */
		76269DE72B5F664C00CAAB3E /* Debug */ = {
			isa = XCBuildConfiguration;
			buildSettings = {
				ALWAYS_SEARCH_USER_PATHS = NO;
				ASSETCATALOG_COMPILER_GENERATE_SWIFT_ASSET_SYMBOL_EXTENSIONS = YES;
				CLANG_ANALYZER_NONNULL = YES;
				CLANG_ANALYZER_NUMBER_OBJECT_CONVERSION = YES_AGGRESSIVE;
				CLANG_CXX_LANGUAGE_STANDARD = "gnu++20";
				CLANG_ENABLE_MODULES = YES;
				CLANG_ENABLE_OBJC_ARC = YES;
				CLANG_ENABLE_OBJC_WEAK = YES;
				CLANG_WARN_BLOCK_CAPTURE_AUTORELEASING = YES;
				CLANG_WARN_BOOL_CONVERSION = YES;
				CLANG_WARN_COMMA = YES;
				CLANG_WARN_CONSTANT_CONVERSION = YES;
				CLANG_WARN_DEPRECATED_OBJC_IMPLEMENTATIONS = YES;
				CLANG_WARN_DIRECT_OBJC_ISA_USAGE = YES_ERROR;
				CLANG_WARN_DOCUMENTATION_COMMENTS = YES;
				CLANG_WARN_EMPTY_BODY = YES;
				CLANG_WARN_ENUM_CONVERSION = YES;
				CLANG_WARN_INFINITE_RECURSION = YES;
				CLANG_WARN_INT_CONVERSION = YES;
				CLANG_WARN_NON_LITERAL_NULL_CONVERSION = YES;
				CLANG_WARN_OBJC_IMPLICIT_RETAIN_SELF = YES;
				CLANG_WARN_OBJC_LITERAL_CONVERSION = YES;
				CLANG_WARN_OBJC_ROOT_CLASS = YES_ERROR;
				CLANG_WARN_QUOTED_INCLUDE_IN_FRAMEWORK_HEADER = YES;
				CLANG_WARN_RANGE_LOOP_ANALYSIS = YES;
				CLANG_WARN_STRICT_PROTOTYPES = YES;
				CLANG_WARN_SUSPICIOUS_MOVE = YES;
				CLANG_WARN_UNGUARDED_AVAILABILITY = YES_AGGRESSIVE;
				CLANG_WARN_UNREACHABLE_CODE = YES;
				CLANG_WARN__DUPLICATE_METHOD_MATCH = YES;
				COPY_PHASE_STRIP = NO;
				DEBUG_INFORMATION_FORMAT = dwarf;
				ENABLE_STRICT_OBJC_MSGSEND = YES;
				ENABLE_TESTABILITY = YES;
				ENABLE_USER_SCRIPT_SANDBOXING = YES;
				GCC_C_LANGUAGE_STANDARD = gnu17;
				GCC_DYNAMIC_NO_PIC = NO;
				GCC_NO_COMMON_BLOCKS = YES;
				GCC_OPTIMIZATION_LEVEL = 0;
				GCC_PREPROCESSOR_DEFINITIONS = (
					"DEBUG=1",
					"$(inherited)",
				);
				GCC_WARN_64_TO_32_BIT_CONVERSION = YES;
				GCC_WARN_ABOUT_RETURN_TYPE = YES_ERROR;
				GCC_WARN_UNDECLARED_SELECTOR = YES;
				GCC_WARN_UNINITIALIZED_AUTOS = YES_AGGRESSIVE;
				GCC_WARN_UNUSED_FUNCTION = YES;
				GCC_WARN_UNUSED_VARIABLE = YES;
				IPHONEOS_DEPLOYMENT_TARGET = 15.0;
				LOCALIZATION_PREFERS_STRING_CATALOGS = YES;
				MTL_ENABLE_DEBUG_INFO = INCLUDE_SOURCE;
				MTL_FAST_MATH = YES;
				ONLY_ACTIVE_ARCH = YES;
				SDKROOT = iphoneos;
				SWIFT_ACTIVE_COMPILATION_CONDITIONS = "DEBUG $(inherited)";
				SWIFT_OPTIMIZATION_LEVEL = "-Onone";
			};
			name = Debug;
		};
		76269DE82B5F664C00CAAB3E /* Release */ = {
			isa = XCBuildConfiguration;
			buildSettings = {
				ALWAYS_SEARCH_USER_PATHS = NO;
				ASSETCATALOG_COMPILER_GENERATE_SWIFT_ASSET_SYMBOL_EXTENSIONS = YES;
				CLANG_ANALYZER_NONNULL = YES;
				CLANG_ANALYZER_NUMBER_OBJECT_CONVERSION = YES_AGGRESSIVE;
				CLANG_CXX_LANGUAGE_STANDARD = "gnu++20";
				CLANG_ENABLE_MODULES = YES;
				CLANG_ENABLE_OBJC_ARC = YES;
				CLANG_ENABLE_OBJC_WEAK = YES;
				CLANG_WARN_BLOCK_CAPTURE_AUTORELEASING = YES;
				CLANG_WARN_BOOL_CONVERSION = YES;
				CLANG_WARN_COMMA = YES;
				CLANG_WARN_CONSTANT_CONVERSION = YES;
				CLANG_WARN_DEPRECATED_OBJC_IMPLEMENTATIONS = YES;
				CLANG_WARN_DIRECT_OBJC_ISA_USAGE = YES_ERROR;
				CLANG_WARN_DOCUMENTATION_COMMENTS = YES;
				CLANG_WARN_EMPTY_BODY = YES;
				CLANG_WARN_ENUM_CONVERSION = YES;
				CLANG_WARN_INFINITE_RECURSION = YES;
				CLANG_WARN_INT_CONVERSION = YES;
				CLANG_WARN_NON_LITERAL_NULL_CONVERSION = YES;
				CLANG_WARN_OBJC_IMPLICIT_RETAIN_SELF = YES;
				CLANG_WARN_OBJC_LITERAL_CONVERSION = YES;
				CLANG_WARN_OBJC_ROOT_CLASS = YES_ERROR;
				CLANG_WARN_QUOTED_INCLUDE_IN_FRAMEWORK_HEADER = YES;
				CLANG_WARN_RANGE_LOOP_ANALYSIS = YES;
				CLANG_WARN_STRICT_PROTOTYPES = YES;
				CLANG_WARN_SUSPICIOUS_MOVE = YES;
				CLANG_WARN_UNGUARDED_AVAILABILITY = YES_AGGRESSIVE;
				CLANG_WARN_UNREACHABLE_CODE = YES;
				CLANG_WARN__DUPLICATE_METHOD_MATCH = YES;
				COPY_PHASE_STRIP = NO;
				DEBUG_INFORMATION_FORMAT = "dwarf-with-dsym";
				ENABLE_NS_ASSERTIONS = NO;
				ENABLE_STRICT_OBJC_MSGSEND = YES;
				ENABLE_USER_SCRIPT_SANDBOXING = YES;
				GCC_C_LANGUAGE_STANDARD = gnu17;
				GCC_NO_COMMON_BLOCKS = YES;
				GCC_WARN_64_TO_32_BIT_CONVERSION = YES;
				GCC_WARN_ABOUT_RETURN_TYPE = YES_ERROR;
				GCC_WARN_UNDECLARED_SELECTOR = YES;
				GCC_WARN_UNINITIALIZED_AUTOS = YES_AGGRESSIVE;
				GCC_WARN_UNUSED_FUNCTION = YES;
				GCC_WARN_UNUSED_VARIABLE = YES;
				IPHONEOS_DEPLOYMENT_TARGET = 15.0;
				LOCALIZATION_PREFERS_STRING_CATALOGS = YES;
				MTL_ENABLE_DEBUG_INFO = NO;
				MTL_FAST_MATH = YES;
				SDKROOT = iphoneos;
				SWIFT_COMPILATION_MODE = wholemodule;
				VALIDATE_PRODUCT = YES;
			};
			name = Release;
		};
		76269DEA2B5F664C00CAAB3E /* Debug */ = {
			isa = XCBuildConfiguration;
			buildSettings = {
				ASSETCATALOG_COMPILER_APPICON_NAME = AppIcon;
				ASSETCATALOG_COMPILER_GLOBAL_ACCENT_COLOR_NAME = AccentColor;
				CODE_SIGN_STYLE = Automatic;
				CURRENT_PROJECT_VERSION = 1;
				DEVELOPMENT_ASSET_PATHS = "\"nbp/Preview Content\"";
				ENABLE_PREVIEWS = YES;
				GENERATE_INFOPLIST_FILE = YES;
				INFOPLIST_FILE = nbp/Info.plist;
				INFOPLIST_KEY_UIApplicationSceneManifest_Generation = YES;
				INFOPLIST_KEY_UIApplicationSupportsIndirectInputEvents = YES;
				INFOPLIST_KEY_UILaunchScreen_Generation = YES;
				INFOPLIST_KEY_UISupportedInterfaceOrientations_iPad = "UIInterfaceOrientationPortrait UIInterfaceOrientationPortraitUpsideDown UIInterfaceOrientationLandscapeLeft UIInterfaceOrientationLandscapeRight";
				INFOPLIST_KEY_UISupportedInterfaceOrientations_iPhone = "UIInterfaceOrientationPortrait UIInterfaceOrientationLandscapeLeft UIInterfaceOrientationLandscapeRight";
				INFOPLIST_KEY_UIUserInterfaceStyle = Light;
				IPHONEOS_DEPLOYMENT_TARGET = 16.0;
				LD_RUNPATH_SEARCH_PATHS = (
					"$(inherited)",
					"@executable_path/Frameworks",
				);
				MARKETING_VERSION = 1.0;
				PRODUCT_BUNDLE_IDENTIFIER = io.xrw.nbp;
				PRODUCT_NAME = "$(TARGET_NAME)";
				SWIFT_EMIT_LOC_STRINGS = YES;
				SWIFT_VERSION = 5.0;
				TARGETED_DEVICE_FAMILY = "1,2";
			};
			name = Debug;
		};
		76269DEB2B5F664C00CAAB3E /* Release */ = {
			isa = XCBuildConfiguration;
			buildSettings = {
				ASSETCATALOG_COMPILER_APPICON_NAME = AppIcon;
				ASSETCATALOG_COMPILER_GLOBAL_ACCENT_COLOR_NAME = AccentColor;
				CODE_SIGN_STYLE = Automatic;
				CURRENT_PROJECT_VERSION = 1;
				DEVELOPMENT_ASSET_PATHS = "\"nbp/Preview Content\"";
				ENABLE_PREVIEWS = YES;
				GENERATE_INFOPLIST_FILE = YES;
				INFOPLIST_FILE = nbp/Info.plist;
				INFOPLIST_KEY_UIApplicationSceneManifest_Generation = YES;
				INFOPLIST_KEY_UIApplicationSupportsIndirectInputEvents = YES;
				INFOPLIST_KEY_UILaunchScreen_Generation = YES;
				INFOPLIST_KEY_UISupportedInterfaceOrientations_iPad = "UIInterfaceOrientationPortrait UIInterfaceOrientationPortraitUpsideDown UIInterfaceOrientationLandscapeLeft UIInterfaceOrientationLandscapeRight";
				INFOPLIST_KEY_UISupportedInterfaceOrientations_iPhone = "UIInterfaceOrientationPortrait UIInterfaceOrientationLandscapeLeft UIInterfaceOrientationLandscapeRight";
				INFOPLIST_KEY_UIUserInterfaceStyle = Light;
				IPHONEOS_DEPLOYMENT_TARGET = 16.0;
				LD_RUNPATH_SEARCH_PATHS = (
					"$(inherited)",
					"@executable_path/Frameworks",
				);
				MARKETING_VERSION = 1.0;
				PRODUCT_BUNDLE_IDENTIFIER = io.xrw.nbp;
				PRODUCT_NAME = "$(TARGET_NAME)";
				SWIFT_EMIT_LOC_STRINGS = YES;
				SWIFT_VERSION = 5.0;
				TARGETED_DEVICE_FAMILY = "1,2";
			};
			name = Release;
		};
/* End XCBuildConfiguration section */

/* Begin XCConfigurationList section */
		76269DD62B5F664900CAAB3E /* Build configuration list for PBXProject "nbp" */ = {
			isa = XCConfigurationList;
			buildConfigurations = (
				76269DE72B5F664C00CAAB3E /* Debug */,
				76269DE82B5F664C00CAAB3E /* Release */,
			);
			defaultConfigurationIsVisible = 0;
			defaultConfigurationName = Release;
		};
		76269DE92B5F664C00CAAB3E /* Build configuration list for PBXNativeTarget "nbp" */ = {
			isa = XCConfigurationList;
			buildConfigurations = (
				76269DEA2B5F664C00CAAB3E /* Debug */,
				76269DEB2B5F664C00CAAB3E /* Release */,
			);
			defaultConfigurationIsVisible = 0;
			defaultConfigurationName = Release;
		};
/* End XCConfigurationList section */
	};
	rootObject = 76269DD32B5F664900CAAB3E /* Project object */;
}
